
Microsoft Visual Studio Solution File, Format Version 12.00
# Visual Studio 15
VisualStudioVersion = 15.0.27428.2015
MinimumVisualStudioVersion = 10.0.40219.1
Project("{FAE04EC0-301F-11D3-BF4B-00C04F79EFBC}") = "SIAOD8", "SIAOD8\SIAOD8.csproj", "{D0EFC92B-413D-4A62-A520-5CA3B24E1456}"
EndProject
Global
	GlobalSection(SolutionConfigurationPlatforms) = preSolution
		Debug|Any CPU = Debug|Any CPU
		Release|Any CPU = Release|Any CPU
	EndGlobalSection
	GlobalSection(ProjectConfigurationPlatforms) = postSolution
		{D0EFC92B-413D-4A62-A520-5CA3B24E1456}.Debug|Any CPU.ActiveCfg = Debug|Any CPU
		{D0EFC92B-413D-4A62-A520-5CA3B24E1456}.Debug|Any CPU.Build.0 = Debug|Any CPU
		{D0EFC92B-413D-4A62-A520-5CA3B24E1456}.Release|Any CPU.ActiveCfg = Release|Any CPU
		{D0EFC92B-413D-4A62-A520-5CA3B24E1456}.Release|Any CPU.Build.0 = Release|Any CPU
	EndGlobalSection
	GlobalSection(SolutionProperties) = preSolution
		HideSolutionNode = FALSE
	EndGlobalSection
	GlobalSection(ExtensibilityGlobals) = postSolution
		SolutionGuid = {0B64692E-BC11-4EE6-A05E-8787B491FE64}
	EndGlobalSection
EndGlobal
