
Microsoft Visual Studio Solution File, Format Version 12.00
# Visual Studio 15
VisualStudioVersion = 15.0.28010.2046
MinimumVisualStudioVersion = 10.0.40219.1
Project("{FAE04EC0-301F-11D3-BF4B-00C04F79EFBC}") = "HMIWindowsForm", "HMIWindowsForm\HMIWindowsForm.csproj", "{FD2AE1B5-FC57-4683-B97E-B970D583E595}"
EndProject
Global
	GlobalSection(SolutionConfigurationPlatforms) = preSolution
		Debug|Any CPU = Debug|Any CPU
		Release|Any CPU = Release|Any CPU
	EndGlobalSection
	GlobalSection(ProjectConfigurationPlatforms) = postSolution
		{FD2AE1B5-FC57-4683-B97E-B970D583E595}.Debug|Any CPU.ActiveCfg = Debug|Any CPU
		{FD2AE1B5-FC57-4683-B97E-B970D583E595}.Debug|Any CPU.Build.0 = Debug|Any CPU
		{FD2AE1B5-FC57-4683-B97E-B970D583E595}.Release|Any CPU.ActiveCfg = Release|Any CPU
		{FD2AE1B5-FC57-4683-B97E-B970D583E595}.Release|Any CPU.Build.0 = Release|Any CPU
	EndGlobalSection
	GlobalSection(SolutionProperties) = preSolution
		HideSolutionNode = FALSE
	EndGlobalSection
	GlobalSection(ExtensibilityGlobals) = postSolution
		SolutionGuid = {405DD6E2-DDDA-4E7C-B1F2-BFECF543177D}
	EndGlobalSection
EndGlobal
